[root]
name = "pong"
version = "0.1.0"
dependencies = [
 "ncurses 5.80.0 (git+https://github.com/jeaye/ncurses-rs)",
]

[[package]]
name = "libc"
version = "0.2.14"
source = "registry+https://github.com/rust-lang/crates.io-index"

[[package]]
name = "ncurses"
version = "5.80.0"
source = "git+https://github.com/jeaye/ncurses-rs#162839bd621377781d274237637a0389ca9784f2"
dependencies = [
 "libc 0.2.14 (registry+https://github.com/rust-lang/crates.io-index)",
]

